{
  "name": "jsonserver",
  "version": "1.0.0",
  "lockfileVersion": 2,
  "requires": true,
  "packages": {
    "": {
      "name": "jsonserver",
      "version": "1.0.0",
      "license": "ISC",
      "dependencies": {
        "crom": "^0.1.0"
      }
    },
    "node_modules/crom": {
      "version": "0.1.0",
      "resolved": "https://registry.npmjs.org/crom/-/crom-0.1.0.tgz",
      "integrity": "sha1-FmS5+4hL2PgriBLIQzDcgNA9H44=",
      "deprecated": "This experiment has ended."
    }
  },
  "dependencies": {
    "crom": {
      "version": "0.1.0",
      "resolved": "https://registry.npmjs.org/crom/-/crom-0.1.0.tgz",
      "integrity": "sha1-FmS5+4hL2PgriBLIQzDcgNA9H44="
    }
  }
}
